version = 1
revision = 3
requires-python = ">=3.13"

[[package]]
name = "lab5"
version = "0.1.0"
source = { editable = "." }

[package.dev-dependencies]
dev = [
    { name = "lefthook" },
]

[package.metadata]

[package.metadata.requires-dev]
dev = [{ name = "lefthook", specifier = ">=2.1.9" }]

[[package]]
name = "lefthook"
version = "2.1.9"
source = { registry = "https://pypi.org/simple" }
wheels = [
    { url = "https://files.pythonhosted.org/packages/92/5e/2cbfb93902906f82fa1d106b30a42e455c71599b968ab9edb86bdd487ca1/lefthook-2.1.9-py3-none-macosx_10_15_x86_64.whl", hash = "sha256:b4be037dffa2aacb312770c2c7981bb7547e0d07459e897053839b8375f66400", size = 5532741, upload-time = "2026-05-29T08:39:22.995Z" },
    { url = "https://files.pythonhosted.org/packages/b7/0e/983781b9084ef8317b45164abd3335a754973b4910dcc7d0a93c7fc4737c/lefthook-2.1.9-py3-none-macosx_11_0_arm64.whl", hash = "sha256:06754e8a56520811079063fe227b361ac8d306e5f004d103248fa57e55f997a1", size = 5053231, upload-time = "2026-05-29T08:39:31.1Z" },
    { url = "https://files.pythonhosted.org/packages/71/e3/0e8dcd17c392e13e6bdea605683f0a93bed57e72df6aea8c030d0e5d98d9/lefthook-2.1.9-py3-none-manylinux_2_17_aarch64.whl", hash = "sha256:74fa383dfb3a31913256220c59207b8d6f3d66798f50600f1683872a07c99cb5", size = 4880938, upload-time = "2026-05-29T08:39:25.637Z" },
    { url = "https://files.pythonhosted.org/packages/74/35/63cf009271a11f693691aeb47dd25d270b346a7c854a8966faf09999e8b9/lefthook-2.1.9-py3-none-manylinux_2_17_x86_64.whl", hash = "sha256:5df17f57e5e4bc3cb1b4788eda68df929a23f273ff255c632edaf1f30808a6d5", size = 5463037, upload-time = "2026-05-29T08:39:27.358Z" },
    { url = "https://files.pythonhosted.org/packages/7b/04/5dbf2107e0727e1d8cdfc20aba62d37e357577998c1abc3991cccb2a1632/lefthook-2.1.9-py3-none-win_amd64.whl", hash = "sha256:dc121e492b681e1128290fe4a0c857f6b46b6f4491c0d1b0be58dc5592e62c77", size = 5614416, upload-time = "2026-05-29T08:39:29.226Z" },
    { url = "https://files.pythonhosted.org/packages/48/e8/7923893f08504f28e0b5fb8b21795fc388d0363cfa2f412e2541c9464cb1/lefthook-2.1.9-py3-none-win_arm64.whl", hash = "sha256:6d8e3923c42a04e9375f88314ebc8c86f68879d3d0c9d856b6adbed109890e90", size = 4959833, upload-time = "2026-05-29T08:39:32.882Z" },
]
